
Microsoft Visual Studio Solution File, Format Version 12.00
# Visual Studio Version 17
VisualStudioVersion = 17.14.36414.22
MinimumVisualStudioVersion = 10.0.40219.1
Project("{FAE04EC0-301F-11D3-BF4B-00C04F79EFBC}") = "ASPA0010_1", "ASPA0010_1\ASPA0010_1.csproj", "{5FA55D3D-54C2-43DA-BCAD-BC2D4E28CE94}"
EndProject
Project("{FAE04EC0-301F-11D3-BF4B-00C04F79EFBC}") = "BSTU.Results.Authenticate", "BSTU.Results.Authenticate\BSTU.Results.Authenticate.csproj", "{B719B5BF-555A-4BED-9A15-380EE776D555}"
EndProject
Project("{FAE04EC0-301F-11D3-BF4B-00C04F79EFBC}") = "BSTU.Results.Collection", "BSTU.Results.Collection\BSTU.Results.Collection.csproj", "{59AFCDF4-B03B-486A-BF83-B47730428571}"
EndProject
Global
	GlobalSection(SolutionConfigurationPlatforms) = preSolution
		Debug|Any CPU = Debug|Any CPU
		Release|Any CPU = Release|Any CPU
	EndGlobalSection
	GlobalSection(ProjectConfigurationPlatforms) = postSolution
		{5FA55D3D-54C2-43DA-BCAD-BC2D4E28CE94}.Debug|Any CPU.ActiveCfg = Debug|Any CPU
		{5FA55D3D-54C2-43DA-BCAD-BC2D4E28CE94}.Debug|Any CPU.Build.0 = Debug|Any CPU
		{5FA55D3D-54C2-43DA-BCAD-BC2D4E28CE94}.Release|Any CPU.ActiveCfg = Release|Any CPU
		{5FA55D3D-54C2-43DA-BCAD-BC2D4E28CE94}.Release|Any CPU.Build.0 = Release|Any CPU
		{B719B5BF-555A-4BED-9A15-380EE776D555}.Debug|Any CPU.ActiveCfg = Debug|Any CPU
		{B719B5BF-555A-4BED-9A15-380EE776D555}.Debug|Any CPU.Build.0 = Debug|Any CPU
		{B719B5BF-555A-4BED-9A15-380EE776D555}.Release|Any CPU.ActiveCfg = Release|Any CPU
		{B719B5BF-555A-4BED-9A15-380EE776D555}.Release|Any CPU.Build.0 = Release|Any CPU
		{59AFCDF4-B03B-486A-BF83-B47730428571}.Debug|Any CPU.ActiveCfg = Debug|Any CPU
		{59AFCDF4-B03B-486A-BF83-B47730428571}.Debug|Any CPU.Build.0 = Debug|Any CPU
		{59AFCDF4-B03B-486A-BF83-B47730428571}.Release|Any CPU.ActiveCfg = Release|Any CPU
		{59AFCDF4-B03B-486A-BF83-B47730428571}.Release|Any CPU.Build.0 = Release|Any CPU
	EndGlobalSection
	GlobalSection(SolutionProperties) = preSolution
		HideSolutionNode = FALSE
	EndGlobalSection
	GlobalSection(ExtensibilityGlobals) = postSolution
		SolutionGuid = {B0EEA0BA-6293-4F07-9001-95F5910D2D16}
	EndGlobalSection
EndGlobal
